
Microsoft Visual Studio Solution File, Format Version 12.00
# Visual Studio 15
VisualStudioVersion = 15.0.26730.15
MinimumVisualStudioVersion = 10.0.40219.1
Project("{FAE04EC0-301F-11D3-BF4B-00C04F79EFBC}") = "WindowsFormsApp2", "WindowsFormsApp2\WindowsFormsApp2.csproj", "{84A70E4F-1EB6-4BE5-AA8B-BEE29A75742B}"
EndProject
Global
	GlobalSection(SolutionConfigurationPlatforms) = preSolution
		Debug|Any CPU = Debug|Any CPU
		Release|Any CPU = Release|Any CPU
	EndGlobalSection
	GlobalSection(ProjectConfigurationPlatforms) = postSolution
		{84A70E4F-1EB6-4BE5-AA8B-BEE29A75742B}.Debug|Any CPU.ActiveCfg = Debug|Any CPU
		{84A70E4F-1EB6-4BE5-AA8B-BEE29A75742B}.Debug|Any CPU.Build.0 = Debug|Any CPU
		{84A70E4F-1EB6-4BE5-AA8B-BEE29A75742B}.Release|Any CPU.ActiveCfg = Release|Any CPU
		{84A70E4F-1EB6-4BE5-AA8B-BEE29A75742B}.Release|Any CPU.Build.0 = Release|Any CPU
	EndGlobalSection
	GlobalSection(SolutionProperties) = preSolution
		HideSolutionNode = FALSE
	EndGlobalSection
	GlobalSection(ExtensibilityGlobals) = postSolution
		SolutionGuid = {01C05E8B-F0D8-49ED-91A7-69EB9578479B}
	EndGlobalSection
EndGlobal
