
Microsoft Visual Studio Solution File, Format Version 12.00
# Visual Studio 15
VisualStudioVersion = 15.0.26730.15
MinimumVisualStudioVersion = 10.0.40219.1
Project("{FAE04EC0-301F-11D3-BF4B-00C04F79EFBC}") = "22112019_Array", "22112019_Array\22112019_Array.csproj", "{13A6C0A0-8B32-43FE-A5E6-7A71205D482D}"
EndProject
Global
	GlobalSection(SolutionConfigurationPlatforms) = preSolution
		Debug|Any CPU = Debug|Any CPU
		Release|Any CPU = Release|Any CPU
	EndGlobalSection
	GlobalSection(ProjectConfigurationPlatforms) = postSolution
		{13A6C0A0-8B32-43FE-A5E6-7A71205D482D}.Debug|Any CPU.ActiveCfg = Debug|Any CPU
		{13A6C0A0-8B32-43FE-A5E6-7A71205D482D}.Debug|Any CPU.Build.0 = Debug|Any CPU
		{13A6C0A0-8B32-43FE-A5E6-7A71205D482D}.Release|Any CPU.ActiveCfg = Release|Any CPU
		{13A6C0A0-8B32-43FE-A5E6-7A71205D482D}.Release|Any CPU.Build.0 = Release|Any CPU
	EndGlobalSection
	GlobalSection(SolutionProperties) = preSolution
		HideSolutionNode = FALSE
	EndGlobalSection
	GlobalSection(ExtensibilityGlobals) = postSolution
		SolutionGuid = {8AC1B33E-ABE8-4FBB-9BEC-70F2B8CB5C10}
	EndGlobalSection
EndGlobal
