
Microsoft Visual Studio Solution File, Format Version 12.00
# Visual Studio 15
VisualStudioVersion = 15.0.26730.15
MinimumVisualStudioVersion = 10.0.40219.1
Project("{FAE04EC0-301F-11D3-BF4B-00C04F79EFBC}") = "22112019_Mittelwertberechnung_Array", "22112019_Mittelwertberechnung_Array\22112019_Mittelwertberechnung_Array.csproj", "{5AC08624-7326-4A9F-80FD-A9ABDE2F2F32}"
EndProject
Global
	GlobalSection(SolutionConfigurationPlatforms) = preSolution
		Debug|Any CPU = Debug|Any CPU
		Release|Any CPU = Release|Any CPU
	EndGlobalSection
	GlobalSection(ProjectConfigurationPlatforms) = postSolution
		{5AC08624-7326-4A9F-80FD-A9ABDE2F2F32}.Debug|Any CPU.ActiveCfg = Debug|Any CPU
		{5AC08624-7326-4A9F-80FD-A9ABDE2F2F32}.Debug|Any CPU.Build.0 = Debug|Any CPU
		{5AC08624-7326-4A9F-80FD-A9ABDE2F2F32}.Release|Any CPU.ActiveCfg = Release|Any CPU
		{5AC08624-7326-4A9F-80FD-A9ABDE2F2F32}.Release|Any CPU.Build.0 = Release|Any CPU
	EndGlobalSection
	GlobalSection(SolutionProperties) = preSolution
		HideSolutionNode = FALSE
	EndGlobalSection
	GlobalSection(ExtensibilityGlobals) = postSolution
		SolutionGuid = {0D8A7FFE-5DC8-415C-83DE-C44C63AB4656}
	EndGlobalSection
EndGlobal
